
Microsoft Visual Studio Solution File, Format Version 12.00
# Visual Studio 14
VisualStudioVersion = 14.0.25123.0
MinimumVisualStudioVersion = 10.0.40219.1
Project("{FAE04EC0-301F-11D3-BF4B-00C04F79EFBC}") = "Demos.IoT.ClapOMeter.Web", "Demos.IoT.ClapOMeter.Web\Demos.IoT.ClapOMeter.Web.csproj", "{D22D2AE7-5EBF-4FAF-94FD-30355F602052}"
EndProject
Project("{2150E333-8FDC-42A3-9474-1A3956D46DE8}") = "Node", "Node", "{39ED9C85-3A00-4B6E-B866-55D559AED9D4}"
	ProjectSection(SolutionItems) = preProject
		app.js = app.js
		package.json = package.json
	EndProjectSection
EndProject
Global
	GlobalSection(SolutionConfigurationPlatforms) = preSolution
		Debug|Any CPU = Debug|Any CPU
		Release|Any CPU = Release|Any CPU
	EndGlobalSection
	GlobalSection(ProjectConfigurationPlatforms) = postSolution
		{D22D2AE7-5EBF-4FAF-94FD-30355F602052}.Debug|Any CPU.ActiveCfg = Debug|Any CPU
		{D22D2AE7-5EBF-4FAF-94FD-30355F602052}.Debug|Any CPU.Build.0 = Debug|Any CPU
		{D22D2AE7-5EBF-4FAF-94FD-30355F602052}.Release|Any CPU.ActiveCfg = Release|Any CPU
		{D22D2AE7-5EBF-4FAF-94FD-30355F602052}.Release|Any CPU.Build.0 = Release|Any CPU
	EndGlobalSection
	GlobalSection(SolutionProperties) = preSolution
		HideSolutionNode = FALSE
	EndGlobalSection
EndGlobal
